
Microsoft Visual Studio Solution File, Format Version 12.00
Project("{FAE04EC0-301F-11D3-BF4B-00C04F79EFBC}") = "BalanceReporter", "BalanceReporter\BalanceReporter.csproj", "{6C21DD79-83A5-4126-8DC9-0BACEEDB8F31}"
EndProject
Project("{FAE04EC0-301F-11D3-BF4B-00C04F79EFBC}") = "BalanceReporter.Tests", "BalanceReporter.Tests\BalanceReporter.Tests.csproj", "{0A20B331-F4BC-4D1E-9054-FAFB0EDC2E1E}"
EndProject
Global
	GlobalSection(SolutionConfigurationPlatforms) = preSolution
		Debug|Any CPU = Debug|Any CPU
		Release|Any CPU = Release|Any CPU
	EndGlobalSection
	GlobalSection(ProjectConfigurationPlatforms) = postSolution
		{6C21DD79-83A5-4126-8DC9-0BACEEDB8F31}.Debug|Any CPU.ActiveCfg = Debug|Any CPU
		{6C21DD79-83A5-4126-8DC9-0BACEEDB8F31}.Debug|Any CPU.Build.0 = Debug|Any CPU
		{6C21DD79-83A5-4126-8DC9-0BACEEDB8F31}.Release|Any CPU.ActiveCfg = Release|Any CPU
		{6C21DD79-83A5-4126-8DC9-0BACEEDB8F31}.Release|Any CPU.Build.0 = Release|Any CPU
		{0A20B331-F4BC-4D1E-9054-FAFB0EDC2E1E}.Debug|Any CPU.ActiveCfg = Debug|Any CPU
		{0A20B331-F4BC-4D1E-9054-FAFB0EDC2E1E}.Debug|Any CPU.Build.0 = Debug|Any CPU
		{0A20B331-F4BC-4D1E-9054-FAFB0EDC2E1E}.Release|Any CPU.ActiveCfg = Release|Any CPU
		{0A20B331-F4BC-4D1E-9054-FAFB0EDC2E1E}.Release|Any CPU.Build.0 = Release|Any CPU
	EndGlobalSection
EndGlobal
